
Microsoft Visual Studio Solution File, Format Version 12.00
# Visual Studio Version 16
VisualStudioVersion = 16.0.28922.388
MinimumVisualStudioVersion = 10.0.40219.1
Project("{FAE04EC0-301F-11D3-BF4B-00C04F79EFBC}") = "module", "module\module.csproj", "{C83FCBD1-8FD9-471E-AF22-CDCBFFE62FD2}"
EndProject
Global
	GlobalSection(SolutionConfigurationPlatforms) = preSolution
		Debug|Any CPU = Debug|Any CPU
		Release|Any CPU = Release|Any CPU
	EndGlobalSection
	GlobalSection(ProjectConfigurationPlatforms) = postSolution
		{C83FCBD1-8FD9-471E-AF22-CDCBFFE62FD2}.Debug|Any CPU.ActiveCfg = Debug|Any CPU
		{C83FCBD1-8FD9-471E-AF22-CDCBFFE62FD2}.Debug|Any CPU.Build.0 = Debug|Any CPU
		{C83FCBD1-8FD9-471E-AF22-CDCBFFE62FD2}.Release|Any CPU.ActiveCfg = Release|Any CPU
		{C83FCBD1-8FD9-471E-AF22-CDCBFFE62FD2}.Release|Any CPU.Build.0 = Release|Any CPU
	EndGlobalSection
	GlobalSection(SolutionProperties) = preSolution
		HideSolutionNode = FALSE
	EndGlobalSection
	GlobalSection(ExtensibilityGlobals) = postSolution
		SolutionGuid = {90A9AA79-0CF9-49C5-B455-DBC20068A42E}
	EndGlobalSection
EndGlobal
