
Microsoft Visual Studio Solution File, Format Version 12.00
# Visual Studio Version 16
VisualStudioVersion = 16.0.28922.388
MinimumVisualStudioVersion = 10.0.40219.1
Project("{FAE04EC0-301F-11D3-BF4B-00C04F79EFBC}") = "hello word", "hello word\hello word.csproj", "{2FE9AB2E-C726-4D5E-B8E8-7100F9B7D086}"
EndProject
Global
	GlobalSection(SolutionConfigurationPlatforms) = preSolution
		Debug|Any CPU = Debug|Any CPU
		Release|Any CPU = Release|Any CPU
	EndGlobalSection
	GlobalSection(ProjectConfigurationPlatforms) = postSolution
		{2FE9AB2E-C726-4D5E-B8E8-7100F9B7D086}.Debug|Any CPU.ActiveCfg = Debug|Any CPU
		{2FE9AB2E-C726-4D5E-B8E8-7100F9B7D086}.Debug|Any CPU.Build.0 = Debug|Any CPU
		{2FE9AB2E-C726-4D5E-B8E8-7100F9B7D086}.Release|Any CPU.ActiveCfg = Release|Any CPU
		{2FE9AB2E-C726-4D5E-B8E8-7100F9B7D086}.Release|Any CPU.Build.0 = Release|Any CPU
	EndGlobalSection
	GlobalSection(SolutionProperties) = preSolution
		HideSolutionNode = FALSE
	EndGlobalSection
	GlobalSection(ExtensibilityGlobals) = postSolution
		SolutionGuid = {54DCEC43-6C0B-4B75-964A-6139A994CE72}
	EndGlobalSection
EndGlobal
