
Microsoft Visual Studio Solution File, Format Version 12.00
# Visual Studio Version 16
VisualStudioVersion = 16.0.28922.388
MinimumVisualStudioVersion = 10.0.40219.1
Project("{FAE04EC0-301F-11D3-BF4B-00C04F79EFBC}") = "Precisão de inteiros e limites", "Precisão de inteiros e limites\Precisão de inteiros e limites.csproj", "{C5F6CE47-571D-4933-8EF5-E6EE0F00043F}"
EndProject
Global
	GlobalSection(SolutionConfigurationPlatforms) = preSolution
		Debug|Any CPU = Debug|Any CPU
		Release|Any CPU = Release|Any CPU
	EndGlobalSection
	GlobalSection(ProjectConfigurationPlatforms) = postSolution
		{C5F6CE47-571D-4933-8EF5-E6EE0F00043F}.Debug|Any CPU.ActiveCfg = Debug|Any CPU
		{C5F6CE47-571D-4933-8EF5-E6EE0F00043F}.Debug|Any CPU.Build.0 = Debug|Any CPU
		{C5F6CE47-571D-4933-8EF5-E6EE0F00043F}.Release|Any CPU.ActiveCfg = Release|Any CPU
		{C5F6CE47-571D-4933-8EF5-E6EE0F00043F}.Release|Any CPU.Build.0 = Release|Any CPU
	EndGlobalSection
	GlobalSection(SolutionProperties) = preSolution
		HideSolutionNode = FALSE
	EndGlobalSection
	GlobalSection(ExtensibilityGlobals) = postSolution
		SolutionGuid = {644633B7-6608-41A9-AA1C-C4BC59EC7F82}
	EndGlobalSection
EndGlobal
